
Microsoft Visual Studio Solution File, Format Version 12.00
# Visual Studio Version 16
VisualStudioVersion = 16.0.30406.217
MinimumVisualStudioVersion = 10.0.40219.1
Project("{FAE04EC0-301F-11D3-BF4B-00C04F79EFBC}") = "AplikasiLatihanTiga3", "AplikasiLatihanTiga3\AplikasiLatihanTiga3.csproj", "{8FDCDD14-BC8A-42BD-8917-E95A6DFB9050}"
EndProject
Global
	GlobalSection(SolutionConfigurationPlatforms) = preSolution
		Debug|Any CPU = Debug|Any CPU
		Release|Any CPU = Release|Any CPU
	EndGlobalSection
	GlobalSection(ProjectConfigurationPlatforms) = postSolution
		{8FDCDD14-BC8A-42BD-8917-E95A6DFB9050}.Debug|Any CPU.ActiveCfg = Debug|Any CPU
		{8FDCDD14-BC8A-42BD-8917-E95A6DFB9050}.Debug|Any CPU.Build.0 = Debug|Any CPU
		{8FDCDD14-BC8A-42BD-8917-E95A6DFB9050}.Release|Any CPU.ActiveCfg = Release|Any CPU
		{8FDCDD14-BC8A-42BD-8917-E95A6DFB9050}.Release|Any CPU.Build.0 = Release|Any CPU
	EndGlobalSection
	GlobalSection(SolutionProperties) = preSolution
		HideSolutionNode = FALSE
	EndGlobalSection
	GlobalSection(ExtensibilityGlobals) = postSolution
		SolutionGuid = {8CE7F17F-57C7-4B1F-A731-315BEC32D2D0}
	EndGlobalSection
EndGlobal
